{
  "version": 4,
  "terraform_version": "1.9.1",
  "serial": 133,
  "lineage": "8d1bec07-3880-cd58-6c04-92e9a39ff0b9",
  "outputs": {},
  "resources": [
    {
      "mode": "data",
      "type": "archive_file",
      "name": "functionsource",
      "provider": "provider[\"registry.terraform.io/hashicorp/archive\"]",
      "instances": [
        {
          "schema_version": 0,
          "attributes": {
            "exclude_symlink_directories": null,
            "excludes": null,
            "id": "94e03652c8e58da9b848509879f7f3669e8172f9",
            "output_base64sha256": "Tj4nirz2SAutvDLpEErtHi9Ckpe+jgv01PwoiRAObyA=",
            "output_base64sha512": "q7hWce/wKQnWMW3fqeuxMmys/dnlCQCZhGpdgGR/ND6nTKaoF3vC0McLnN/txKrG6XQCpYjW6cfyWi4UH2GTMg==",
            "output_file_mode": null,
            "output_md5": "e2e13d966213ee364dd40bbcbc13d38c",
            "output_path": "./function_source.zip",
            "output_sha": "94e03652c8e58da9b848509879f7f3669e8172f9",
            "output_sha256": "4e3e278abcf6480badbc32e9104aed1e2f429297be8e0bf4d4fc2889100e6f20",
            "output_sha512": "abb85671eff02909d6316ddfa9ebb1326cacfdd9e5090099846a5d80647f343ea74ca6a8177bc2d0c70b9cdfedc4aac6e97402a588d6e9c7f25a2e141f619332",
            "output_size": 1901,
            "source": [
              {
                "content": "'use strict';\nconst functions = require('@google-cloud/functions-framework');\nconst compute = require('@google-cloud/compute');\n\n// Change this const value to your project\nconst projectId = 'swift-clarity-428809-s5';\nconst zone = 'us-central1-c';\n\nconst vmConfig = {\n  kind: 'compute#instance',\n  zone: `projects/${projectId}/zones/${zone}`,\n  machineType: `projects/${projectId}/zones/${zone}/machineTypes/f1-micro`,\n  displayDevice: {\n    enableDisplay: false\n  },\n  metadata: {\n    kind: 'compute#metadata',\n    items: [\n      {\n        key: 'google-logging-enabled',\n        value: 'true',\n      },\n\t\t\t{\n\t\t\t\tkey: \"gce-container-declaration\",\n        value: \"spec:\\n  containers:\\n  - name: instance-20240709-145149\\n    image: us-central1-docker.pkg.dev/swift-clarity-428809-s5/mycloudscheduler/functest\\n    stdin: false\\n    tty: false\\n  restartPolicy: Always\\n# This container declaration format is not public API and may change without notice. Please\\n# use gcloud command-line tool or Google Cloud Console to run Containers on Google Compute Engine.\"\n      }\n    ]\n  },\n  tags: {\n    items: []\n  },\n  disks: [\n    {\n      kind: 'compute#attachedDisk',\n      type: 'PERSISTENT',\n      boot: true,\n      mode: 'READ_WRITE',\n      autoDelete: true,\n      deviceName: 'instance-1',\n      initializeParams: {\n        sourceImage: `projects/debian-cloud/global/images/debian-9-stretch-v20190729`,\n        diskType: `projects/${projectId}/zones/${zone}/diskTypes/pd-standard`,\n        diskSizeGb: '10'\n      },\n      diskEncryptionKey: {}\n    }\n  ],\n  canIpForward: false,\n  networkInterfaces: [\n    {\n      kind: 'compute#networkInterface',\n      subnetwork: `projects/${projectId}/regions/us-central1/subnetworks/default`,\n      accessConfigs: [\n        {\n          kind: 'compute#accessConfig',\n          name: 'External NAT',\n          type: 'ONE_TO_ONE_NAT',\n          networkTier: 'PREMIUM'\n        }\n      ],\n      aliasIpRanges: []\n    }\n  ],\n  description: '',\n  labels: {},\n  scheduling: {\n    preemptible: false,\n    onHostMaintenance: 'MIGRATE',\n    automaticRestart: true,\n    nodeAffinities: []\n  },\n  deletionProtection: false,\n  reservationAffinity: {\n    consumeReservationType: 'ANY_RESERVATION'\n  },\n  serviceAccounts: [\n    {\n      email: `provisioning@${projectId}.iam.gserviceaccount.com`,\n      scopes: [\n        'https://www.googleapis.com/auth/cloud-platform'\n      ]\n    }\n  ]\n}\n\nexports.createScheduledInstance = (event, context) =\u003e {\n  const vmName = 'mycloudscheduler-vm' + Date.now();\n  try {\n    compute.createVM(vmName, vmConfig)\n      .then(data =\u003e {\n        // Operation pending.\n        const vm = data[0];\n        const operation = data[1];\n        console.log(`VM being created: ${vm.id}`);\n        console.log(`Operation info: ${operation.id}`);\n        return operation.promise();\n      })\n      .then(() =\u003e {\n        const message = 'VM created with success, Cloud Function finished execution.';\n        console.log(message);\n      })\n      .catch(err =\u003e {\n        console.log(err);\n      });\n  } catch (err) {\n    console.log(err);\n  }\n};",
                "filename": "function.js"
              },
              {
                "content": "{\n  \"name\": \"deploy-vm-scheduled\",\n  \"version\": \"0.0.1\",\n  \"private\": true,\n  \"license\": \"Apache-2.0\",\n  \"author\": \"Yuksel\",\n  \"engines\": {\n    \"node\": \"\u003e=16.0.0\"\n  },\n  \"dependencies\": {\n    \"@google-cloud/functions-framework\": \"^3.1.0\",\n    \"@google-cloud/compute\": \"^3.1.0\",\n    \"escape-html\": \"^1.0.3\"\n  },\n  \"devDependencies\": {\n\t\t\"@google-cloud/pubsub\": \"^4.0.0\",\n    \"c8\": \"^8.0.0\",\n    \"gaxios\": \"^6.0.0\",\n    \"mocha\": \"^10.0.0\",\n    \"moment\": \"^2.29.4\",\n    \"promise-retry\": \"^2.0.0\",\n    \"sinon\": \"^16.0.0\",\n    \"uuid\": \"^9.0.0\",\n    \"wait-port\": \"^1.0.4\"\n  }\n}",
                "filename": "package.json"
              }
            ],
            "source_content": null,
            "source_content_filename": null,
            "source_dir": null,
            "source_file": null,
            "type": "zip"
          },
          "sensitive_attributes": []
        }
      ]
    },
    {
      "mode": "managed",
      "type": "google_cloud_scheduler_job",
      "name": "job",
      "provider": "provider[\"registry.terraform.io/hashicorp/google\"]",
      "instances": [
        {
          "schema_version": 0,
          "attributes": {
            "app_engine_http_target": [],
            "attempt_deadline": "",
            "description": "mycloudscheduler job",
            "http_target": [],
            "id": "projects/swift-clarity-428809-s5/locations/us-central1/jobs/mycloudscheduler-job",
            "name": "mycloudscheduler-job",
            "paused": false,
            "project": "swift-clarity-428809-s5",
            "pubsub_target": [
              {
                "attributes": {},
                "data": "dGVzdA==",
                "topic_name": "projects/swift-clarity-428809-s5/topics/mycloudscheduler-topic"
              }
            ],
            "region": "us-central1",
            "retry_config": [],
            "schedule": "0 8 * * *",
            "state": "ENABLED",
            "time_zone": "Etc/UTC",
            "timeouts": null
          },
          "sensitive_attributes": [],
          "private": "eyJlMmJmYjczMC1lY2FhLTExZTYtOGY4OC0zNDM2M2JjN2M0YzAiOnsiY3JlYXRlIjoxMjAwMDAwMDAwMDAwLCJkZWxldGUiOjEyMDAwMDAwMDAwMDAsInVwZGF0ZSI6MTIwMDAwMDAwMDAwMH19",
          "dependencies": [
            "google_pubsub_topic.topicdata"
          ]
        }
      ]
    },
    {
      "mode": "managed",
      "type": "google_cloudfunctions2_function",
      "name": "function",
      "provider": "provider[\"registry.terraform.io/hashicorp/google\"]",
      "instances": [
        {
          "schema_version": 0,
          "attributes": {
            "build_config": [
              {
                "automatic_update_policy": [
                  {}
                ],
                "build": "projects/534500368896/locations/us-central1/builds/6621a8a1-26d3-4a92-9eaa-14cd3e400c97",
                "docker_repository": "projects/swift-clarity-428809-s5/locations/us-central1/repositories/gcf-artifacts",
                "entry_point": "createScheduledInstance",
                "environment_variables": {},
                "on_deploy_update_policy": [],
                "runtime": "nodejs20",
                "service_account": "",
                "source": [
                  {
                    "repo_source": [],
                    "storage_source": [
                      {
                        "bucket": "mycloudscheduler-bucket",
                        "generation": 1720626980094557,
                        "object": "function_source.zip"
                      }
                    ]
                  }
                ],
                "worker_pool": ""
              }
            ],
            "description": "schedulerdeployer",
            "effective_labels": {},
            "environment": "GEN_2",
            "event_trigger": [
              {
                "event_filters": [],
                "event_type": "google.cloud.pubsub.topic.v1.messagePublished",
                "pubsub_topic": "projects/swift-clarity-428809-s5/topics/mycloudscheduler-topic",
                "retry_policy": "RETRY_POLICY_RETRY",
                "service_account_email": "534500368896-compute@developer.gserviceaccount.com",
                "trigger": "projects/swift-clarity-428809-s5/locations/us-central1/triggers/function-test-228300",
                "trigger_region": "us-central1"
              }
            ],
            "id": "projects/swift-clarity-428809-s5/locations/us-central1/functions/function-test",
            "kms_key_name": "",
            "labels": {},
            "location": "us-central1",
            "name": "function-test",
            "project": "swift-clarity-428809-s5",
            "service_config": [
              {
                "all_traffic_on_latest_revision": true,
                "available_cpu": "0.1666",
                "available_memory": "256M",
                "environment_variables": {
                  "LOG_EXECUTION_ID": "true"
                },
                "gcf_uri": "",
                "ingress_settings": "ALLOW_INTERNAL_ONLY",
                "max_instance_count": 1,
                "max_instance_request_concurrency": 1,
                "min_instance_count": 1,
                "secret_environment_variables": [],
                "secret_volumes": [],
                "service": "projects/swift-clarity-428809-s5/locations/us-central1/services/function-test",
                "service_account_email": "provisioning@swift-clarity-428809-s5.iam.gserviceaccount.com",
                "timeout_seconds": 60,
                "uri": "https://function-test-gqupjlopfa-uc.a.run.app",
                "vpc_connector": "",
                "vpc_connector_egress_settings": ""
              }
            ],
            "state": "ACTIVE",
            "terraform_labels": {},
            "timeouts": null,
            "update_time": "2024-07-10T15:57:45.397987896Z",
            "url": "https://us-central1-swift-clarity-428809-s5.cloudfunctions.net/function-test"
          },
          "sensitive_attributes": [],
          "private": "eyJlMmJmYjczMC1lY2FhLTExZTYtOGY4OC0zNDM2M2JjN2M0YzAiOnsiY3JlYXRlIjozNjAwMDAwMDAwMDAwLCJkZWxldGUiOjM2MDAwMDAwMDAwMDAsInVwZGF0ZSI6MzYwMDAwMDAwMDAwMH19",
          "dependencies": [
            "google_cloud_scheduler_job.job",
            "google_pubsub_topic.topicdata",
            "google_storage_bucket.static",
            "google_storage_bucket_object.default"
          ]
        }
      ]
    },
    {
      "mode": "managed",
      "type": "google_pubsub_topic",
      "name": "topicdata",
      "provider": "provider[\"registry.terraform.io/hashicorp/google\"]",
      "instances": [
        {
          "schema_version": 0,
          "attributes": {
            "effective_labels": {},
            "id": "projects/swift-clarity-428809-s5/topics/mycloudscheduler-topic",
            "ingestion_data_source_settings": [],
            "kms_key_name": "",
            "labels": {},
            "message_retention_duration": "",
            "message_storage_policy": [],
            "name": "mycloudscheduler-topic",
            "project": "swift-clarity-428809-s5",
            "schema_settings": [],
            "terraform_labels": {},
            "timeouts": null
          },
          "sensitive_attributes": [],
          "private": "eyJlMmJmYjczMC1lY2FhLTExZTYtOGY4OC0zNDM2M2JjN2M0YzAiOnsiY3JlYXRlIjoxMjAwMDAwMDAwMDAwLCJkZWxldGUiOjEyMDAwMDAwMDAwMDAsInVwZGF0ZSI6MTIwMDAwMDAwMDAwMH19"
        }
      ]
    },
    {
      "mode": "managed",
      "type": "google_storage_bucket",
      "name": "static",
      "provider": "provider[\"registry.terraform.io/hashicorp/google\"]",
      "instances": [
        {
          "schema_version": 1,
          "attributes": {
            "autoclass": [],
            "cors": [],
            "custom_placement_config": [],
            "default_event_based_hold": false,
            "effective_labels": {},
            "enable_object_retention": false,
            "encryption": [],
            "force_destroy": false,
            "id": "mycloudscheduler-bucket",
            "labels": {},
            "lifecycle_rule": [],
            "location": "US",
            "logging": [],
            "name": "mycloudscheduler-bucket",
            "project": "swift-clarity-428809-s5",
            "project_number": 534500368896,
            "public_access_prevention": "inherited",
            "requester_pays": false,
            "retention_policy": [],
            "rpo": "DEFAULT",
            "self_link": "https://www.googleapis.com/storage/v1/b/mycloudscheduler-bucket",
            "soft_delete_policy": [
              {
                "effective_time": "2024-07-10T10:21:09.661Z",
                "retention_duration_seconds": 604800
              }
            ],
            "storage_class": "STANDARD",
            "terraform_labels": {},
            "timeouts": null,
            "uniform_bucket_level_access": true,
            "url": "gs://mycloudscheduler-bucket",
            "versioning": [],
            "website": []
          },
          "sensitive_attributes": [],
          "private": "eyJlMmJmYjczMC1lY2FhLTExZTYtOGY4OC0zNDM2M2JjN2M0YzAiOnsiY3JlYXRlIjo2MDAwMDAwMDAwMDAsInJlYWQiOjI0MDAwMDAwMDAwMCwidXBkYXRlIjoyNDAwMDAwMDAwMDB9LCJzY2hlbWFfdmVyc2lvbiI6IjEifQ=="
        }
      ]
    },
    {
      "mode": "managed",
      "type": "google_storage_bucket_object",
      "name": "default",
      "provider": "provider[\"registry.terraform.io/hashicorp/google\"]",
      "instances": [
        {
          "schema_version": 0,
          "attributes": {
            "bucket": "mycloudscheduler-bucket",
            "cache_control": "",
            "content": null,
            "content_disposition": "",
            "content_encoding": "",
            "content_language": "",
            "content_type": "text/plain",
            "crc32c": "uVVrEg==",
            "customer_encryption": [],
            "detect_md5hash": "4uE9lmIT7jZN1Au8vBPTjA==",
            "event_based_hold": false,
            "id": "mycloudscheduler-bucket-function_source.zip",
            "kms_key_name": "",
            "md5hash": "4uE9lmIT7jZN1Au8vBPTjA==",
            "media_link": "https://storage.googleapis.com/download/storage/v1/b/mycloudscheduler-bucket/o/function_source.zip?generation=1720626978321754\u0026alt=media",
            "metadata": {},
            "name": "function_source.zip",
            "output_name": "function_source.zip",
            "retention": [],
            "self_link": "https://www.googleapis.com/storage/v1/b/mycloudscheduler-bucket/o/function_source.zip",
            "source": "./function_source.zip",
            "storage_class": "STANDARD",
            "temporary_hold": false,
            "timeouts": null
          },
          "sensitive_attributes": [
            [
              {
                "type": "get_attr",
                "value": "content"
              }
            ]
          ],
          "private": "eyJlMmJmYjczMC1lY2FhLTExZTYtOGY4OC0zNDM2M2JjN2M0YzAiOnsiY3JlYXRlIjoyNDAwMDAwMDAwMDAsImRlbGV0ZSI6MjQwMDAwMDAwMDAwLCJ1cGRhdGUiOjI0MDAwMDAwMDAwMH19",
          "dependencies": [
            "google_storage_bucket.static"
          ]
        }
      ]
    }
  ],
  "check_results": null
}
